// !$*UTF8*$!
{
	archiveVersion = 1;
	classes = {
	};
	objectVersion = 48;
	objects = {

/* Begin PBXBuildFile section */
		3A004C6D200A7B8E00D1B500 /* AppDelegate.swift in Sources */ = {isa = PBXBuildFile; fileRef = 3A004C6C200A7B8E00D1B500 /* AppDelegate.swift */; };
		3A004C6F200A7B8E00D1B500 /* todoListViewController.swift in Sources */ = {isa = PBXBuildFile; fileRef = 3A004C6E200A7B8E00D1B500 /* todoListViewController.swift */; };
		3A004C72200A7B8E00D1B500 /* Main.storyboard in Resources */ = {isa = PBXBuildFile; fileRef = 3A004C70200A7B8E00D1B500 /* Main.storyboard */; };
		3A004C74200A7B8E00D1B500 /* Assets.xcassets in Resources */ = {isa = PBXBuildFile; fileRef = 3A004C73200A7B8E00D1B500 /* Assets.xcassets */; };
		3A004C77200A7B8E00D1B500 /* LaunchScreen.storyboard in Resources */ = {isa = PBXBuildFile; fileRef = 3A004C75200A7B8E00D1B500 /* LaunchScreen.storyboard */; };
		3AB5583A200B471900D3086B /* item.swift in Sources */ = {isa = PBXBuildFile; fileRef = 3AB55839200B471900D3086B /* item.swift */; };
/* End PBXBuildFile section */

/* Begin PBXFileReference section */
		3A004C69200A7B8D00D1B500 /* Todoey.app */ = {isa = PBXFileReference; explicitFileType = wrapper.application; includeInIndex = 0; path = Todoey.app; sourceTree = BUILT_PRODUCTS_DIR; };
		3A004C6C200A7B8E00D1B500 /* AppDelegate.swift */ = {isa = PBXFileReference; lastKnownFileType = sourcecode.swift; path = AppDelegate.swift; sourceTree = "<group>"; };
		3A004C6E200A7B8E00D1B500 /* todoListViewController.swift */ = {isa = PBXFileReference; lastKnownFileType = sourcecode.swift; path = todoListViewController.swift; sourceTree = "<group>"; };
		3A004C71200A7B8E00D1B500 /* Base */ = {isa = PBXFileReference; lastKnownFileType = file.storyboard; name = Base; path = Base.lproj/Main.storyboard; sourceTree = "<group>"; };
		3A004C73200A7B8E00D1B500 /* Assets.xcassets */ = {isa = PBXFileReference; lastKnownFileType = folder.assetcatalog; path = Assets.xcassets; sourceTree = "<group>"; };
		3A004C76200A7B8E00D1B500 /* Base */ = {isa = PBXFileReference; lastKnownFileType = file.storyboard; name = Base; path = Base.lproj/LaunchScreen.storyboard; sourceTree = "<group>"; };
		3A004C78200A7B8E00D1B500 /* Info.plist */ = {isa = PBXFileReference; lastKnownFileType = text.plist.xml; path = Info.plist; sourceTree = "<group>"; };
		3AB55839200B471900D3086B /* item.swift */ = {isa = PBXFileReference; lastKnownFileType = sourcecode.swift; path = item.swift; sourceTree = "<group>"; };
/* End PBXFileReference section */

/* Begin PBXFrameworksBuildPhase section */
		3A004C66200A7B8D00D1B500 /* Frameworks */ = {
			isa = PBXFrameworksBuildPhase;
			buildActionMask = 2147483647;
			files = (
			);
			runOnlyForDeploymentPostprocessing = 0;
		};
/* End PBXFrameworksBuildPhase section */

/* Begin PBXGroup section */
		3A004C60200A7B8D00D1B500 = {
			isa = PBXGroup;
			children = (
				3A004C6B200A7B8D00D1B500 /* Todoey */,
				3A004C6A200A7B8D00D1B500 /* Products */,
			);
			sourceTree = "<group>";
		};
		3A004C6A200A7B8D00D1B500 /* Products */ = {
			isa = PBXGroup;
			children = (
				3A004C69200A7B8D00D1B500 /* Todoey.app */,
			);
			name = Products;
			sourceTree = "<group>";
		};
		3A004C6B200A7B8D00D1B500 /* Todoey */ = {
			isa = PBXGroup;
			children = (
				3A004C6C200A7B8E00D1B500 /* AppDelegate.swift */,
				3AB5583C200B473E00D3086B /* Controller */,
				3AB5583B200B472600D3086B /* Data Model */,
				3AB5583D200B475100D3086B /* Views */,
				3AB5583E200B476300D3086B /* Supporting Files */,
				3A004C78200A7B8E00D1B500 /* Info.plist */,
			);
			path = Todoey;
			sourceTree = "<group>";
		};
		3AB5583B200B472600D3086B /* Data Model */ = {
			isa = PBXGroup;
			children = (
				3AB55839200B471900D3086B /* item.swift */,
			);
			path = "Data Model";
			sourceTree = "<group>";
		};
		3AB5583C200B473E00D3086B /* Controller */ = {
			isa = PBXGroup;
			children = (
				3A004C6E200A7B8E00D1B500 /* todoListViewController.swift */,
			);
			path = Controller;
			sourceTree = "<group>";
		};
		3AB5583D200B475100D3086B /* Views */ = {
			isa = PBXGroup;
			children = (
				3A004C70200A7B8E00D1B500 /* Main.storyboard */,
			);
			path = Views;
			sourceTree = "<group>";
		};
		3AB5583E200B476300D3086B /* Supporting Files */ = {
			isa = PBXGroup;
			children = (
				3A004C73200A7B8E00D1B500 /* Assets.xcassets */,
				3A004C75200A7B8E00D1B500 /* LaunchScreen.storyboard */,
			);
			path = "Supporting Files";
			sourceTree = "<group>";
		};
/* End PBXGroup section */

/* Begin PBXNativeTarget section */
		3A004C68200A7B8D00D1B500 /* Todoey */ = {
			isa = PBXNativeTarget;
			buildConfigurationList = 3A004C7B200A7B8E00D1B500 /* Build configuration list for PBXNativeTarget "Todoey" */;
			buildPhases = (
				3A004C65200A7B8D00D1B500 /* Sources */,
				3A004C66200A7B8D00D1B500 /* Frameworks */,
				3A004C67200A7B8D00D1B500 /* Resources */,
			);
			buildRules = (
			);
			dependencies = (
			);
			name = Todoey;
			productName = Todoey;
			productReference = 3A004C69200A7B8D00D1B500 /* Todoey.app */;
			productType = "com.apple.product-type.application";
		};
/* End PBXNativeTarget section */

/* Begin PBXProject section */
		3A004C61200A7B8D00D1B500 /* Project object */ = {
			isa = PBXProject;
			attributes = {
				LastSwiftUpdateCheck = 0900;
				LastUpgradeCheck = 0900;
				ORGANIZATIONNAME = "Lakshay Chhabra";
				TargetAttributes = {
					3A004C68200A7B8D00D1B500 = {
						CreatedOnToolsVersion = 9.0.1;
						ProvisioningStyle = Automatic;
					};
				};
			};
			buildConfigurationList = 3A004C64200A7B8D00D1B500 /* Build configuration list for PBXProject "Todoey" */;
			compatibilityVersion = "Xcode 8.0";
			developmentRegion = en;
			hasScannedForEncodings = 0;
			knownRegions = (
				en,
				Base,
			);
			mainGroup = 3A004C60200A7B8D00D1B500;
			productRefGroup = 3A004C6A200A7B8D00D1B500 /* Products */;
			projectDirPath = "";
			projectRoot = "";
			targets = (
				3A004C68200A7B8D00D1B500 /* Todoey */,
			);
		};
/* End PBXProject section */

/* Begin PBXResourcesBuildPhase section */
		3A004C67200A7B8D00D1B500 /* Resources */ = {
			isa = PBXResourcesBuildPhase;
			buildActionMask = 2147483647;
			files = (
				3A004C77200A7B8E00D1B500 /* LaunchScreen.storyboard in Resources */,
				3A004C74200A7B8E00D1B500 /* Assets.xcassets in Resources */,
				3A004C72200A7B8E00D1B500 /* Main.storyboard in Resources */,
			);
			runOnlyForDeploymentPostprocessing = 0;
		};
/* End PBXResourcesBuildPhase section */

/* Begin PBXSourcesBuildPhase section */
		3A004C65200A7B8D00D1B500 /* Sources */ = {
			isa = PBXSourcesBuildPhase;
			buildActionMask = 2147483647;
			files = (
				3A004C6F200A7B8E00D1B500 /* todoListViewController.swift in Sources */,
				3AB5583A200B471900D3086B /* item.swift in Sources */,
				3A004C6D200A7B8E00D1B500 /* AppDelegate.swift in Sources */,
			);
			runOnlyForDeploymentPostprocessing = 0;
		};
/* End PBXSourcesBuildPhase section */

/* Begin PBXVariantGroup section */
		3A004C70200A7B8E00D1B500 /* Main.storyboard */ = {
			isa = PBXVariantGroup;
			children = (
				3A004C71200A7B8E00D1B500 /* Base */,
			);
			name = Main.storyboard;
			sourceTree = "<group>";
		};
		3A004C75200A7B8E00D1B500 /* LaunchScreen.storyboard */ = {
			isa = PBXVariantGroup;
			children = (
				3A004C76200A7B8E00D1B500 /* Base */,
			);
			name = LaunchScreen.storyboard;
			sourceTree = "<group>";
		};
/* End PBXVariantGroup section */

/* Begin XCBuildConfiguration section */
		3A004C79200A7B8E00D1B500 /* Debug */ = {
			isa = XCBuildConfiguration;
			buildSettings = {
				ALWAYS_SEARCH_USER_PATHS = NO;
				CLANG_ANALYZER_NONNULL = YES;
				CLANG_ANALYZER_NUMBER_OBJECT_CONVERSION = YES_AGGRESSIVE;
				CLANG_CXX_LANGUAGE_STANDARD = "gnu++14";
				CLANG_CXX_LIBRARY = "libc++";
				CLANG_ENABLE_MODULES = YES;
				CLANG_ENABLE_OBJC_ARC = YES;
				CLANG_WARN_BLOCK_CAPTURE_AUTORELEASING = YES;
				CLANG_WARN_BOOL_CONVERSION = YES;
				CLANG_WARN_COMMA = YES;
				CLANG_WARN_CONSTANT_CONVERSION = YES;
				CLANG_WARN_DIRECT_OBJC_ISA_USAGE = YES_ERROR;
				CLANG_WARN_DOCUMENTATION_COMMENTS = YES;
				CLANG_WARN_EMPTY_BODY = YES;
				CLANG_WARN_ENUM_CONVERSION = YES;
				CLANG_WARN_INFINITE_RECURSION = YES;
				CLANG_WARN_INT_CONVERSION = YES;
				CLANG_WARN_NON_LITERAL_NULL_CONVERSION = YES;
				CLANG_WARN_OBJC_LITERAL_CONVERSION = YES;
				CLANG_WARN_OBJC_ROOT_CLASS = YES_ERROR;
				CLANG_WARN_RANGE_LOOP_ANALYSIS = YES;
				CLANG_WARN_STRICT_PROTOTYPES = YES;
				CLANG_WARN_SUSPICIOUS_MOVE = YES;
				CLANG_WARN_UNGUARDED_AVAILABILITY = YES_AGGRESSIVE;
				CLANG_WARN_UNREACHABLE_CODE = YES;
				CLANG_WARN__DUPLICATE_METHOD_MATCH = YES;
				CODE_SIGN_IDENTITY = "iPhone Developer";
				COPY_PHASE_STRIP = NO;
				DEBUG_INFORMATION_FORMAT = dwarf;
				ENABLE_STRICT_OBJC_MSGSEND = YES;
				ENABLE_TESTABILITY = YES;
				GCC_C_LANGUAGE_STANDARD = gnu11;
				GCC_DYNAMIC_NO_PIC = NO;
				GCC_NO_COMMON_BLOCKS = YES;
				GCC_OPTIMIZATION_LEVEL = 0;
				GCC_PREPROCESSOR_DEFINITIONS = (
					"DEBUG=1",
					"$(inherited)",
				);
				GCC_WARN_64_TO_32_BIT_CONVERSION = YES;
				GCC_WARN_ABOUT_RETURN_TYPE = YES_ERROR;
				GCC_WARN_UNDECLARED_SELECTOR = YES;
				GCC_WARN_UNINITIALIZED_AUTOS = YES_AGGRESSIVE;
				GCC_WARN_UNUSED_FUNCTION = YES;
				GCC_WARN_UNUSED_VARIABLE = YES;
				IPHONEOS_DEPLOYMENT_TARGET = 11.0;
				MTL_ENABLE_DEBUG_INFO = YES;
				ONLY_ACTIVE_ARCH = YES;
				SDKROOT = iphoneos;
				SWIFT_ACTIVE_COMPILATION_CONDITIONS = DEBUG;
				SWIFT_OPTIMIZATION_LEVEL = "-Onone";
			};
			name = Debug;
		};
		3A004C7A200A7B8E00D1B500 /* Release */ = {
			isa = XCBuildConfiguration;
			buildSettings = {
				ALWAYS_SEARCH_USER_PATHS = NO;
				CLANG_ANALYZER_NONNULL = YES;
				CLANG_ANALYZER_NUMBER_OBJECT_CONVERSION = YES_AGGRESSIVE;
				CLANG_CXX_LANGUAGE_STANDARD = "gnu++14";
				CLANG_CXX_LIBRARY = "libc++";
				CLANG_ENABLE_MODULES = YES;
				CLANG_ENABLE_OBJC_ARC = YES;
				CLANG_WARN_BLOCK_CAPTURE_AUTORELEASING = YES;
				CLANG_WARN_BOOL_CONVERSION = YES;
				CLANG_WARN_COMMA = YES;
				CLANG_WARN_CONSTANT_CONVERSION = YES;
				CLANG_WARN_DIRECT_OBJC_ISA_USAGE = YES_ERROR;
				CLANG_WARN_DOCUMENTATION_COMMENTS = YES;
				CLANG_WARN_EMPTY_BODY = YES;
				CLANG_WARN_ENUM_CONVERSION = YES;
				CLANG_WARN_INFINITE_RECURSION = YES;
				CLANG_WARN_INT_CONVERSION = YES;
				CLANG_WARN_NON_LITERAL_NULL_CONVERSION = YES;
				CLANG_WARN_OBJC_LITERAL_CONVERSION = YES;
				CLANG_WARN_OBJC_ROOT_CLASS = YES_ERROR;
				CLANG_WARN_RANGE_LOOP_ANALYSIS = YES;
				CLANG_WARN_STRICT_PROTOTYPES = YES;
				CLANG_WARN_SUSPICIOUS_MOVE = YES;
				CLANG_WARN_UNGUARDED_AVAILABILITY = YES_AGGRESSIVE;
				CLANG_WARN_UNREACHABLE_CODE = YES;
				CLANG_WARN__DUPLICATE_METHOD_MATCH = YES;
				CODE_SIGN_IDENTITY = "iPhone Developer";
				COPY_PHASE_STRIP = NO;
				DEBUG_INFORMATION_FORMAT = "dwarf-with-dsym";
				ENABLE_NS_ASSERTIONS = NO;
				ENABLE_STRICT_OBJC_MSGSEND = YES;
				GCC_C_LANGUAGE_STANDARD = gnu11;
				GCC_NO_COMMON_BLOCKS = YES;
				GCC_WARN_64_TO_32_BIT_CONVERSION = YES;
				GCC_WARN_ABOUT_RETURN_TYPE = YES_ERROR;
				GCC_WARN_UNDECLARED_SELECTOR = YES;
				GCC_WARN_UNINITIALIZED_AUTOS = YES_AGGRESSIVE;
				GCC_WARN_UNUSED_FUNCTION = YES;
				GCC_WARN_UNUSED_VARIABLE = YES;
				IPHONEOS_DEPLOYMENT_TARGET = 11.0;
				MTL_ENABLE_DEBUG_INFO = NO;
				SDKROOT = iphoneos;
				SWIFT_OPTIMIZATION_LEVEL = "-Owholemodule";
				VALIDATE_PRODUCT = YES;
			};
			name = Release;
		};
		3A004C7C200A7B8E00D1B500 /* Debug */ = {
			isa = XCBuildConfiguration;
			buildSettings = {
				ASSETCATALOG_COMPILER_APPICON_NAME = AppIcon;
				CODE_SIGN_STYLE = Automatic;
				DEVELOPMENT_TEAM = "";
				INFOPLIST_FILE = Todoey/Info.plist;
				LD_RUNPATH_SEARCH_PATHS = "$(inherited) @executable_path/Frameworks";
				PRODUCT_BUNDLE_IDENTIFIER = me.lakshay.Todoey;
				PRODUCT_NAME = "$(TARGET_NAME)";
				SWIFT_VERSION = 4.0;
				TARGETED_DEVICE_FAMILY = "1,2";
			};
			name = Debug;
		};
		3A004C7D200A7B8E00D1B500 /* Release */ = {
			isa = XCBuildConfiguration;
			buildSettings = {
				ASSETCATALOG_COMPILER_APPICON_NAME = AppIcon;
				CODE_SIGN_STYLE = Automatic;
				DEVELOPMENT_TEAM = "";
				INFOPLIST_FILE = Todoey/Info.plist;
				LD_RUNPATH_SEARCH_PATHS = "$(inherited) @executable_path/Frameworks";
				PRODUCT_BUNDLE_IDENTIFIER = me.lakshay.Todoey;
				PRODUCT_NAME = "$(TARGET_NAME)";
				SWIFT_VERSION = 4.0;
				TARGETED_DEVICE_FAMILY = "1,2";
			};
			name = Release;
		};
/* End XCBuildConfiguration section */

/* Begin XCConfigurationList section */
		3A004C64200A7B8D00D1B500 /* Build configuration list for PBXProject "Todoey" */ = {
			isa = XCConfigurationList;
			buildConfigurations = (
				3A004C79200A7B8E00D1B500 /* Debug */,
				3A004C7A200A7B8E00D1B500 /* Release */,
			);
			defaultConfigurationIsVisible = 0;
			defaultConfigurationName = Release;
		};
		3A004C7B200A7B8E00D1B500 /* Build configuration list for PBXNativeTarget "Todoey" */ = {
			isa = XCConfigurationList;
			buildConfigurations = (
				3A004C7C200A7B8E00D1B500 /* Debug */,
				3A004C7D200A7B8E00D1B500 /* Release */,
			);
			defaultConfigurationIsVisible = 0;
			defaultConfigurationName = Release;
		};
/* End XCConfigurationList section */
	};
	rootObject = 3A004C61200A7B8D00D1B500 /* Project object */;
}
